<?xml version="1.0" encoding="utf-8"?>
<Project ToolsVersion="4.0" xmlns="http://schemas.microsoft.com/developer/msbuild/2003">
  <ItemGroup>
    <Filter Include="Mod">
      <UniqueIdentifier>{d28bceff-4fc9-443f-a12a-cfd7aa435906}</UniqueIdentifier>
    </Filter>
    <Filter Include="Mod\Bosses">
      <UniqueIdentifier>{afd30b36-273e-4a6a-bd9f-8f56cf3004f2}</UniqueIdentifier>
    </Filter>
    <Filter Include="Mod\Config">
      <UniqueIdentifier>{a7cd6aed-fa5a-467c-882c-6c661f39287a}</UniqueIdentifier>
    </Filter>
  </ItemGroup>
  <ItemGroup>
    <ClInclude Include="framework.h" />
    <ClInclude Include="pch.h" />
    <ClInclude Include="Mod\Bosses\BossTitles.h">
      <Filter>Mod\Bosses</Filter>
    </ClInclude>
    <ClInclude Include="Mod\Config\Config.h">
      <Filter>Mod\Config</Filter>
    </ClInclude>
    <ClInclude Include="Mod\Bosses\BossTitleStuff.h">
      <Filter>Mod\Bosses</Filter>
    </ClInclude>
  </ItemGroup>
  <ItemGroup>
    <ClCompile Include="dllmain.cpp" />
    <ClCompile Include="pch.cpp" />
    <ClCompile Include="Mod\Main.cpp">
      <Filter>Mod</Filter>
    </ClCompile>
    <ClCompile Include="Mod\Bosses\CharacterBossTitles.cpp">
      <Filter>Mod\Bosses</Filter>
    </ClCompile>
    <ClCompile Include="Mod\Bosses\GunRoboTitles.cpp">
      <Filter>Mod\Bosses</Filter>
    </ClCompile>
    <ClCompile Include="Mod\Bosses\OtherBossTitles.cpp">
      <Filter>Mod\Bosses</Filter>
    </ClCompile>
    <ClCompile Include="Mod\Config\Config.cpp">
      <Filter>Mod\Config</Filter>
    </ClCompile>
    <ClCompile Include="Mod\Bosses\BossTitleStuff.cpp">
      <Filter>Mod\Bosses</Filter>
    </ClCompile>
  </ItemGroup>
</Project>